<?xml version="1.0" encoding="UTF-8"?>
<Project ToolsVersion="4.0" xmlns="http://schemas.microsoft.com/developer/msbuild/2003">
  <ItemGroup>
    <ClCompile Include="applications\application.c">
      <Filter>Source Files\Applications</Filter>
    </ClCompile>
    <ClCompile Include="applications\startup.c">
      <Filter>Source Files\Applications</Filter>
    </ClCompile>
    <ClCompile Include="drivers\board.c">
      <Filter>Source Files\Drivers</Filter>
    </ClCompile>
    <ClCompile Include="drivers\stm32f10x_it.c">
      <Filter>Source Files\Drivers</Filter>
    </ClCompile>
    <ClCompile Include="drivers\led.c">
      <Filter>Source Files\Drivers</Filter>
    </ClCompile>
    <ClCompile Include="drivers\usart.c">
      <Filter>Source Files\Drivers</Filter>
    </ClCompile>
    <ClCompile Include="drivers\i2c1.c">
      <Filter>Source Files\Drivers</Filter>
    </ClCompile>
    <ClCompile Include="drivers\bmp085.c">
      <Filter>Source Files\Drivers</Filter>
    </ClCompile>
    <ClCompile Include="Libraries\CMSIS\CM3\DeviceSupport\ST\STM32F10x\system_stm32f10x.c">
      <Filter>Source Files\STM32_StdPeriph</Filter>
    </ClCompile>
    <ClCompile Include="Libraries\STM32F10x_StdPeriph_Driver\src\stm32f10x_crc.c">
      <Filter>Source Files\STM32_StdPeriph</Filter>
    </ClCompile>
    <ClCompile Include="Libraries\STM32F10x_StdPeriph_Driver\src\stm32f10x_rcc.c">
      <Filter>Source Files\STM32_StdPeriph</Filter>
    </ClCompile>
    <ClCompile Include="Libraries\STM32F10x_StdPeriph_Driver\src\stm32f10x_wwdg.c">
      <Filter>Source Files\STM32_StdPeriph</Filter>
    </ClCompile>
    <ClCompile Include="Libraries\STM32F10x_StdPeriph_Driver\src\stm32f10x_pwr.c">
      <Filter>Source Files\STM32_StdPeriph</Filter>
    </ClCompile>
    <ClCompile Include="Libraries\STM32F10x_StdPeriph_Driver\src\stm32f10x_exti.c">
      <Filter>Source Files\STM32_StdPeriph</Filter>
    </ClCompile>
    <ClCompile Include="Libraries\STM32F10x_StdPeriph_Driver\src\stm32f10x_bkp.c">
      <Filter>Source Files\STM32_StdPeriph</Filter>
    </ClCompile>
    <ClCompile Include="Libraries\STM32F10x_StdPeriph_Driver\src\stm32f10x_i2c.c">
      <Filter>Source Files\STM32_StdPeriph</Filter>
    </ClCompile>
    <ClCompile Include="Libraries\STM32F10x_StdPeriph_Driver\src\stm32f10x_adc.c">
      <Filter>Source Files\STM32_StdPeriph</Filter>
    </ClCompile>
    <ClCompile Include="Libraries\STM32F10x_StdPeriph_Driver\src\stm32f10x_dac.c">
      <Filter>Source Files\STM32_StdPeriph</Filter>
    </ClCompile>
    <ClCompile Include="Libraries\STM32F10x_StdPeriph_Driver\src\stm32f10x_rtc.c">
      <Filter>Source Files\STM32_StdPeriph</Filter>
    </ClCompile>
    <ClCompile Include="Libraries\STM32F10x_StdPeriph_Driver\src\stm32f10x_fsmc.c">
      <Filter>Source Files\STM32_StdPeriph</Filter>
    </ClCompile>
    <ClCompile Include="Libraries\STM32F10x_StdPeriph_Driver\src\stm32f10x_tim.c">
      <Filter>Source Files\STM32_StdPeriph</Filter>
    </ClCompile>
    <ClCompile Include="Libraries\STM32F10x_StdPeriph_Driver\src\stm32f10x_iwdg.c">
      <Filter>Source Files\STM32_StdPeriph</Filter>
    </ClCompile>
    <ClCompile Include="Libraries\STM32F10x_StdPeriph_Driver\src\stm32f10x_spi.c">
      <Filter>Source Files\STM32_StdPeriph</Filter>
    </ClCompile>
    <ClCompile Include="Libraries\STM32F10x_StdPeriph_Driver\src\stm32f10x_flash.c">
      <Filter>Source Files\STM32_StdPeriph</Filter>
    </ClCompile>
    <ClCompile Include="Libraries\STM32F10x_StdPeriph_Driver\src\stm32f10x_sdio.c">
      <Filter>Source Files\STM32_StdPeriph</Filter>
    </ClCompile>
    <ClCompile Include="Libraries\STM32F10x_StdPeriph_Driver\src\stm32f10x_gpio.c">
      <Filter>Source Files\STM32_StdPeriph</Filter>
    </ClCompile>
    <ClCompile Include="Libraries\STM32F10x_StdPeriph_Driver\src\stm32f10x_usart.c">
      <Filter>Source Files\STM32_StdPeriph</Filter>
    </ClCompile>
    <ClCompile Include="Libraries\STM32F10x_StdPeriph_Driver\src\stm32f10x_dbgmcu.c">
      <Filter>Source Files\STM32_StdPeriph</Filter>
    </ClCompile>
    <ClCompile Include="Libraries\STM32F10x_StdPeriph_Driver\src\stm32f10x_dma.c">
      <Filter>Source Files\STM32_StdPeriph</Filter>
    </ClCompile>
    <ClCompile Include="Libraries\STM32F10x_StdPeriph_Driver\src\stm32f10x_can.c">
      <Filter>Source Files\STM32_StdPeriph</Filter>
    </ClCompile>
    <ClCompile Include="Libraries\STM32F10x_StdPeriph_Driver\src\stm32f10x_cec.c">
      <Filter>Source Files\STM32_StdPeriph</Filter>
    </ClCompile>
    <ClCompile Include="Libraries\STM32F10x_StdPeriph_Driver\src\misc.c">
      <Filter>Source Files\STM32_StdPeriph</Filter>
    </ClCompile>
    <ClCompile Include="..\..\rtt\rt-thread-2.0.0_beta\src\clock.c">
      <Filter>Source Files\Kernel</Filter>
    </ClCompile>
    <ClCompile Include="..\..\rtt\rt-thread-2.0.0_beta\src\device.c">
      <Filter>Source Files\Kernel</Filter>
    </ClCompile>
    <ClCompile Include="..\..\rtt\rt-thread-2.0.0_beta\src\idle.c">
      <Filter>Source Files\Kernel</Filter>
    </ClCompile>
    <ClCompile Include="..\..\rtt\rt-thread-2.0.0_beta\src\ipc.c">
      <Filter>Source Files\Kernel</Filter>
    </ClCompile>
    <ClCompile Include="..\..\rtt\rt-thread-2.0.0_beta\src\irq.c">
      <Filter>Source Files\Kernel</Filter>
    </ClCompile>
    <ClCompile Include="..\..\rtt\rt-thread-2.0.0_beta\src\kservice.c">
      <Filter>Source Files\Kernel</Filter>
    </ClCompile>
    <ClCompile Include="..\..\rtt\rt-thread-2.0.0_beta\src\mem.c">
      <Filter>Source Files\Kernel</Filter>
    </ClCompile>
    <ClCompile Include="..\..\rtt\rt-thread-2.0.0_beta\src\mempool.c">
      <Filter>Source Files\Kernel</Filter>
    </ClCompile>
    <ClCompile Include="..\..\rtt\rt-thread-2.0.0_beta\src\object.c">
      <Filter>Source Files\Kernel</Filter>
    </ClCompile>
    <ClCompile Include="..\..\rtt\rt-thread-2.0.0_beta\src\scheduler.c">
      <Filter>Source Files\Kernel</Filter>
    </ClCompile>
    <ClCompile Include="..\..\rtt\rt-thread-2.0.0_beta\src\thread.c">
      <Filter>Source Files\Kernel</Filter>
    </ClCompile>
    <ClCompile Include="..\..\rtt\rt-thread-2.0.0_beta\src\timer.c">
      <Filter>Source Files\Kernel</Filter>
    </ClCompile>
    <ClCompile Include="..\..\rtt\rt-thread-2.0.0_beta\libcpu\arm\cortex-m3\cpuport.c">
      <Filter>Source Files\CORTEX-M3</Filter>
    </ClCompile>
    <ClCompile Include="..\..\rtt\rt-thread-2.0.0_beta\components\drivers\i2c\i2c_core.c">
      <Filter>Source Files\DeviceDrivers</Filter>
    </ClCompile>
    <ClCompile Include="..\..\rtt\rt-thread-2.0.0_beta\components\drivers\i2c\i2c_dev.c">
      <Filter>Source Files\DeviceDrivers</Filter>
    </ClCompile>
    <ClCompile Include="..\..\rtt\rt-thread-2.0.0_beta\components\drivers\serial\serial.c">
      <Filter>Source Files\DeviceDrivers</Filter>
    </ClCompile>
    <ClCompile Include="..\..\rtt\rt-thread-2.0.0_beta\components\drivers\spi\spi_core.c">
      <Filter>Source Files\DeviceDrivers</Filter>
    </ClCompile>
    <ClCompile Include="..\..\rtt\rt-thread-2.0.0_beta\components\drivers\spi\spi_dev.c">
      <Filter>Source Files\DeviceDrivers</Filter>
    </ClCompile>
    <ClCompile Include="..\..\rtt\rt-thread-2.0.0_beta\components\drivers\src\completion.c">
      <Filter>Source Files\DeviceDrivers</Filter>
    </ClCompile>
    <ClCompile Include="..\..\rtt\rt-thread-2.0.0_beta\components\drivers\src\dataqueue.c">
      <Filter>Source Files\DeviceDrivers</Filter>
    </ClCompile>
    <ClCompile Include="..\..\rtt\rt-thread-2.0.0_beta\components\drivers\src\pipe.c">
      <Filter>Source Files\DeviceDrivers</Filter>
    </ClCompile>
    <ClCompile Include="..\..\rtt\rt-thread-2.0.0_beta\components\drivers\src\portal.c">
      <Filter>Source Files\DeviceDrivers</Filter>
    </ClCompile>
    <ClCompile Include="..\..\rtt\rt-thread-2.0.0_beta\components\drivers\src\ringbuffer.c">
      <Filter>Source Files\DeviceDrivers</Filter>
    </ClCompile>
    <ClCompile Include="..\..\rtt\rt-thread-2.0.0_beta\components\drivers\src\workqueue.c">
      <Filter>Source Files\DeviceDrivers</Filter>
    </ClCompile>
    <ClCompile Include="..\..\rtt\rt-thread-2.0.0_beta\components\finsh\shell.c">
      <Filter>Source Files\finsh</Filter>
    </ClCompile>
    <ClCompile Include="..\..\rtt\rt-thread-2.0.0_beta\components\finsh\symbol.c">
      <Filter>Source Files\finsh</Filter>
    </ClCompile>
    <ClCompile Include="..\..\rtt\rt-thread-2.0.0_beta\components\finsh\cmd.c">
      <Filter>Source Files\finsh</Filter>
    </ClCompile>
    <ClCompile Include="..\..\rtt\rt-thread-2.0.0_beta\components\finsh\finsh_compiler.c">
      <Filter>Source Files\finsh</Filter>
    </ClCompile>
    <ClCompile Include="..\..\rtt\rt-thread-2.0.0_beta\components\finsh\finsh_error.c">
      <Filter>Source Files\finsh</Filter>
    </ClCompile>
    <ClCompile Include="..\..\rtt\rt-thread-2.0.0_beta\components\finsh\finsh_heap.c">
      <Filter>Source Files\finsh</Filter>
    </ClCompile>
    <ClCompile Include="..\..\rtt\rt-thread-2.0.0_beta\components\finsh\finsh_init.c">
      <Filter>Source Files\finsh</Filter>
    </ClCompile>
    <ClCompile Include="..\..\rtt\rt-thread-2.0.0_beta\components\finsh\finsh_node.c">
      <Filter>Source Files\finsh</Filter>
    </ClCompile>
    <ClCompile Include="..\..\rtt\rt-thread-2.0.0_beta\components\finsh\finsh_ops.c">
      <Filter>Source Files\finsh</Filter>
    </ClCompile>
    <ClCompile Include="..\..\rtt\rt-thread-2.0.0_beta\components\finsh\finsh_parser.c">
      <Filter>Source Files\finsh</Filter>
    </ClCompile>
    <ClCompile Include="..\..\rtt\rt-thread-2.0.0_beta\components\finsh\finsh_var.c">
      <Filter>Source Files\finsh</Filter>
    </ClCompile>
    <ClCompile Include="..\..\rtt\rt-thread-2.0.0_beta\components\finsh\finsh_vm.c">
      <Filter>Source Files\finsh</Filter>
    </ClCompile>
    <ClCompile Include="..\..\rtt\rt-thread-2.0.0_beta\components\finsh\finsh_token.c">
      <Filter>Source Files\finsh</Filter>
    </ClCompile>
    <ClCompile Include="..\..\rtt\rt-thread-2.0.0_beta\components\init\components.c">
      <Filter>Source Files\Components</Filter>
    </ClCompile>
  </ItemGroup>
  <ItemGroup>
    <Filter Include="Source Files">
      <UniqueIdentifier>{c6967de1-262e-11e4-8c84-00158315a310}</UniqueIdentifier>
      <Extensions>cpp;c;cc;cxx;def;odl;idl;hpj;bat;asm;asmx</Extensions>
    </Filter>
    <Filter Include="Header Files">
      <UniqueIdentifier>{c6967de2-262e-11e4-94e4-00158315a310}</UniqueIdentifier>
      <Extensions>h;hpp;hxx;hm;inl;inc;xsd</Extensions>
    </Filter>
    <Filter Include="Source Files\Applications">
      <UniqueIdentifier>{c6967de3-262e-11e4-8853-00158315a310}</UniqueIdentifier>
    </Filter>
    <Filter Include="Source Files\Drivers">
      <UniqueIdentifier>{c696a4f0-262e-11e4-abfe-00158315a310}</UniqueIdentifier>
    </Filter>
    <Filter Include="Source Files\STM32_StdPeriph">
      <UniqueIdentifier>{c697412e-262e-11e4-beff-00158315a310}</UniqueIdentifier>
    </Filter>
    <Filter Include="Source Files\Kernel">
      <UniqueIdentifier>{c6976840-262e-11e4-a5d7-00158315a310}</UniqueIdentifier>
    </Filter>
    <Filter Include="Source Files\CORTEX-M3">
      <UniqueIdentifier>{c6976841-262e-11e4-8f84-00158315a310}</UniqueIdentifier>
    </Filter>
    <Filter Include="Source Files\DeviceDrivers">
      <UniqueIdentifier>{c697b65e-262e-11e4-802b-00158315a310}</UniqueIdentifier>
    </Filter>
    <Filter Include="Source Files\finsh">
      <UniqueIdentifier>{c6980480-262e-11e4-ac48-00158315a310}</UniqueIdentifier>
    </Filter>
    <Filter Include="Source Files\Components">
      <UniqueIdentifier>{c6980481-262e-11e4-a2a6-00158315a310}</UniqueIdentifier>
    </Filter>
  </ItemGroup>
  <ItemGroup>
    <ClInclude Include="Libraries\CMSIS\CM3\DeviceSupport\ST\STM32F10x\stm32f10x.h">
      <Filter>Header Files</Filter>
    </ClInclude>
    <ClInclude Include="Libraries\CMSIS\CM3\DeviceSupport\ST\STM32F10x\system_stm32f10x.h">
      <Filter>Header Files</Filter>
    </ClInclude>
    <ClInclude Include="Libraries\STM32F10x_StdPeriph_Driver\inc\misc.h">
      <Filter>Header Files</Filter>
    </ClInclude>
    <ClInclude Include="Libraries\STM32F10x_StdPeriph_Driver\inc\stm32f10x_adc.h">
      <Filter>Header Files</Filter>
    </ClInclude>
    <ClInclude Include="Libraries\STM32F10x_StdPeriph_Driver\inc\stm32f10x_bkp.h">
      <Filter>Header Files</Filter>
    </ClInclude>
    <ClInclude Include="Libraries\STM32F10x_StdPeriph_Driver\inc\stm32f10x_can.h">
      <Filter>Header Files</Filter>
    </ClInclude>
    <ClInclude Include="Libraries\STM32F10x_StdPeriph_Driver\inc\stm32f10x_cec.h">
      <Filter>Header Files</Filter>
    </ClInclude>
    <ClInclude Include="Libraries\STM32F10x_StdPeriph_Driver\inc\stm32f10x_crc.h">
      <Filter>Header Files</Filter>
    </ClInclude>
    <ClInclude Include="Libraries\STM32F10x_StdPeriph_Driver\inc\stm32f10x_dac.h">
      <Filter>Header Files</Filter>
    </ClInclude>
    <ClInclude Include="Libraries\STM32F10x_StdPeriph_Driver\inc\stm32f10x_dbgmcu.h">
      <Filter>Header Files</Filter>
    </ClInclude>
    <ClInclude Include="Libraries\STM32F10x_StdPeriph_Driver\inc\stm32f10x_dma.h">
      <Filter>Header Files</Filter>
    </ClInclude>
    <ClInclude Include="Libraries\STM32F10x_StdPeriph_Driver\inc\stm32f10x_exti.h">
      <Filter>Header Files</Filter>
    </ClInclude>
    <ClInclude Include="Libraries\STM32F10x_StdPeriph_Driver\inc\stm32f10x_flash.h">
      <Filter>Header Files</Filter>
    </ClInclude>
    <ClInclude Include="Libraries\STM32F10x_StdPeriph_Driver\inc\stm32f10x_fsmc.h">
      <Filter>Header Files</Filter>
    </ClInclude>
    <ClInclude Include="Libraries\STM32F10x_StdPeriph_Driver\inc\stm32f10x_gpio.h">
      <Filter>Header Files</Filter>
    </ClInclude>
    <ClInclude Include="Libraries\STM32F10x_StdPeriph_Driver\inc\stm32f10x_i2c.h">
      <Filter>Header Files</Filter>
    </ClInclude>
    <ClInclude Include="Libraries\STM32F10x_StdPeriph_Driver\inc\stm32f10x_iwdg.h">
      <Filter>Header Files</Filter>
    </ClInclude>
    <ClInclude Include="Libraries\STM32F10x_StdPeriph_Driver\inc\stm32f10x_pwr.h">
      <Filter>Header Files</Filter>
    </ClInclude>
    <ClInclude Include="Libraries\STM32F10x_StdPeriph_Driver\inc\stm32f10x_rcc.h">
      <Filter>Header Files</Filter>
    </ClInclude>
    <ClInclude Include="Libraries\STM32F10x_StdPeriph_Driver\inc\stm32f10x_rtc.h">
      <Filter>Header Files</Filter>
    </ClInclude>
    <ClInclude Include="Libraries\STM32F10x_StdPeriph_Driver\inc\stm32f10x_sdio.h">
      <Filter>Header Files</Filter>
    </ClInclude>
    <ClInclude Include="Libraries\STM32F10x_StdPeriph_Driver\inc\stm32f10x_spi.h">
      <Filter>Header Files</Filter>
    </ClInclude>
    <ClInclude Include="Libraries\STM32F10x_StdPeriph_Driver\inc\stm32f10x_tim.h">
      <Filter>Header Files</Filter>
    </ClInclude>
    <ClInclude Include="Libraries\STM32F10x_StdPeriph_Driver\inc\stm32f10x_usart.h">
      <Filter>Header Files</Filter>
    </ClInclude>
    <ClInclude Include="Libraries\STM32F10x_StdPeriph_Driver\inc\stm32f10x_wwdg.h">
      <Filter>Header Files</Filter>
    </ClInclude>
    <ClInclude Include="drivers\bmp085.h">
      <Filter>Header Files</Filter>
    </ClInclude>
    <ClInclude Include="drivers\board.h">
      <Filter>Header Files</Filter>
    </ClInclude>
    <ClInclude Include="drivers\i2c1.h">
      <Filter>Header Files</Filter>
    </ClInclude>
    <ClInclude Include="drivers\led.h">
      <Filter>Header Files</Filter>
    </ClInclude>
    <ClInclude Include="drivers\stm32f10x_conf.h">
      <Filter>Header Files</Filter>
    </ClInclude>
    <ClInclude Include="drivers\stm32f10x_it.h">
      <Filter>Header Files</Filter>
    </ClInclude>
    <ClInclude Include="drivers\usart.h">
      <Filter>Header Files</Filter>
    </ClInclude>
    <ClInclude Include="rtconfig.h">
      <Filter>Header Files</Filter>
    </ClInclude>
    <ClInclude Include="..\..\rtt\rt-thread-2.0.0_beta\components\CMSIS\Include\core_cm3.h">
      <Filter>Header Files</Filter>
    </ClInclude>
    <ClInclude Include="..\..\rtt\rt-thread-2.0.0_beta\components\CMSIS\Include\core_cmFunc.h">
      <Filter>Header Files</Filter>
    </ClInclude>
    <ClInclude Include="..\..\rtt\rt-thread-2.0.0_beta\components\CMSIS\Include\core_cmInstr.h">
      <Filter>Header Files</Filter>
    </ClInclude>
    <ClInclude Include="..\..\rtt\rt-thread-2.0.0_beta\components\drivers\include\drivers\alarm.h">
      <Filter>Header Files</Filter>
    </ClInclude>
    <ClInclude Include="..\..\rtt\rt-thread-2.0.0_beta\components\drivers\include\drivers\i2c-bit-ops.h">
      <Filter>Header Files</Filter>
    </ClInclude>
    <ClInclude Include="..\..\rtt\rt-thread-2.0.0_beta\components\drivers\include\drivers\i2c.h">
      <Filter>Header Files</Filter>
    </ClInclude>
    <ClInclude Include="..\..\rtt\rt-thread-2.0.0_beta\components\drivers\include\drivers\i2c_dev.h">
      <Filter>Header Files</Filter>
    </ClInclude>
    <ClInclude Include="..\..\rtt\rt-thread-2.0.0_beta\components\drivers\include\drivers\mmcsd_card.h">
      <Filter>Header Files</Filter>
    </ClInclude>
    <ClInclude Include="..\..\rtt\rt-thread-2.0.0_beta\components\drivers\include\drivers\mmcsd_cmd.h">
      <Filter>Header Files</Filter>
    </ClInclude>
    <ClInclude Include="..\..\rtt\rt-thread-2.0.0_beta\components\drivers\include\drivers\mmcsd_core.h">
      <Filter>Header Files</Filter>
    </ClInclude>
    <ClInclude Include="..\..\rtt\rt-thread-2.0.0_beta\components\drivers\include\drivers\mmcsd_host.h">
      <Filter>Header Files</Filter>
    </ClInclude>
    <ClInclude Include="..\..\rtt\rt-thread-2.0.0_beta\components\drivers\include\drivers\mtd_nand.h">
      <Filter>Header Files</Filter>
    </ClInclude>
    <ClInclude Include="..\..\rtt\rt-thread-2.0.0_beta\components\drivers\include\drivers\mtd_nor.h">
      <Filter>Header Files</Filter>
    </ClInclude>
    <ClInclude Include="..\..\rtt\rt-thread-2.0.0_beta\components\drivers\include\drivers\rtc.h">
      <Filter>Header Files</Filter>
    </ClInclude>
    <ClInclude Include="..\..\rtt\rt-thread-2.0.0_beta\components\drivers\include\drivers\sd.h">
      <Filter>Header Files</Filter>
    </ClInclude>
    <ClInclude Include="..\..\rtt\rt-thread-2.0.0_beta\components\drivers\include\drivers\sdio.h">
      <Filter>Header Files</Filter>
    </ClInclude>
    <ClInclude Include="..\..\rtt\rt-thread-2.0.0_beta\components\drivers\include\drivers\sdio_func_ids.h">
      <Filter>Header Files</Filter>
    </ClInclude>
    <ClInclude Include="..\..\rtt\rt-thread-2.0.0_beta\components\drivers\include\drivers\serial.h">
      <Filter>Header Files</Filter>
    </ClInclude>
    <ClInclude Include="..\..\rtt\rt-thread-2.0.0_beta\components\drivers\include\drivers\spi.h">
      <Filter>Header Files</Filter>
    </ClInclude>
    <ClInclude Include="..\..\rtt\rt-thread-2.0.0_beta\components\drivers\include\drivers\usb_common.h">
      <Filter>Header Files</Filter>
    </ClInclude>
    <ClInclude Include="..\..\rtt\rt-thread-2.0.0_beta\components\drivers\include\drivers\usb_device.h">
      <Filter>Header Files</Filter>
    </ClInclude>
    <ClInclude Include="..\..\rtt\rt-thread-2.0.0_beta\components\drivers\include\drivers\usb_host.h">
      <Filter>Header Files</Filter>
    </ClInclude>
    <ClInclude Include="..\..\rtt\rt-thread-2.0.0_beta\components\drivers\include\drivers\watchdog.h">
      <Filter>Header Files</Filter>
    </ClInclude>
    <ClInclude Include="..\..\rtt\rt-thread-2.0.0_beta\components\drivers\include\rtdevice.h">
      <Filter>Header Files</Filter>
    </ClInclude>
    <ClInclude Include="..\..\rtt\rt-thread-2.0.0_beta\components\finsh\finsh.h">
      <Filter>Header Files</Filter>
    </ClInclude>
    <ClInclude Include="..\..\rtt\rt-thread-2.0.0_beta\components\finsh\finsh_error.h">
      <Filter>Header Files</Filter>
    </ClInclude>
    <ClInclude Include="..\..\rtt\rt-thread-2.0.0_beta\components\finsh\finsh_heap.h">
      <Filter>Header Files</Filter>
    </ClInclude>
    <ClInclude Include="..\..\rtt\rt-thread-2.0.0_beta\components\finsh\finsh_node.h">
      <Filter>Header Files</Filter>
    </ClInclude>
    <ClInclude Include="..\..\rtt\rt-thread-2.0.0_beta\components\finsh\finsh_ops.h">
      <Filter>Header Files</Filter>
    </ClInclude>
    <ClInclude Include="..\..\rtt\rt-thread-2.0.0_beta\components\finsh\finsh_parser.h">
      <Filter>Header Files</Filter>
    </ClInclude>
    <ClInclude Include="..\..\rtt\rt-thread-2.0.0_beta\components\finsh\finsh_token.h">
      <Filter>Header Files</Filter>
    </ClInclude>
    <ClInclude Include="..\..\rtt\rt-thread-2.0.0_beta\components\finsh\finsh_var.h">
      <Filter>Header Files</Filter>
    </ClInclude>
    <ClInclude Include="..\..\rtt\rt-thread-2.0.0_beta\components\finsh\finsh_vm.h">
      <Filter>Header Files</Filter>
    </ClInclude>
    <ClInclude Include="..\..\rtt\rt-thread-2.0.0_beta\components\finsh\msh.h">
      <Filter>Header Files</Filter>
    </ClInclude>
    <ClInclude Include="..\..\rtt\rt-thread-2.0.0_beta\components\finsh\shell.h">
      <Filter>Header Files</Filter>
    </ClInclude>
    <ClInclude Include="..\..\rtt\rt-thread-2.0.0_beta\components\init\components.h">
      <Filter>Header Files</Filter>
    </ClInclude>
    <ClInclude Include="..\..\rtt\rt-thread-2.0.0_beta\include\rtdebug.h">
      <Filter>Header Files</Filter>
    </ClInclude>
    <ClInclude Include="..\..\rtt\rt-thread-2.0.0_beta\include\rtdef.h">
      <Filter>Header Files</Filter>
    </ClInclude>
    <ClInclude Include="..\..\rtt\rt-thread-2.0.0_beta\include\rthw.h">
      <Filter>Header Files</Filter>
    </ClInclude>
    <ClInclude Include="..\..\rtt\rt-thread-2.0.0_beta\include\rtm.h">
      <Filter>Header Files</Filter>
    </ClInclude>
    <ClInclude Include="..\..\rtt\rt-thread-2.0.0_beta\include\rtservice.h">
      <Filter>Header Files</Filter>
    </ClInclude>
    <ClInclude Include="..\..\rtt\rt-thread-2.0.0_beta\include\rtthread.h">
      <Filter>Header Files</Filter>
    </ClInclude>
  </ItemGroup>
</Project>
